<?xml version="1.0" encoding="utf-8"?>
<Project ToolsVersion="4.0" xmlns="http://schemas.microsoft.com/developer/msbuild/2003">
  <ItemGroup>
    <Filter Include="Исходные файлы">
      <UniqueIdentifier>{4FC737F1-C7A5-4376-A066-2A32D752A2FF}</UniqueIdentifier>
      <Extensions>cpp;c;cc;cxx;c++;cppm;ixx;def;odl;idl;hpj;bat;asm;asmx</Extensions>
    </Filter>
    <Filter Include="Файлы заголовков">
      <UniqueIdentifier>{93995380-89BD-4b04-88EB-625FBE52EBFB}</UniqueIdentifier>
      <Extensions>h;hh;hpp;hxx;h++;hm;inl;inc;ipp;xsd</Extensions>
    </Filter>
    <Filter Include="Файлы ресурсов">
      <UniqueIdentifier>{67DA6AB6-F800-4c08-8B7A-83BB121AAD01}</UniqueIdentifier>
      <Extensions>rc;ico;cur;bmp;dlg;rc2;rct;bin;rgs;gif;jpg;jpeg;jpe;resx;tiff;tif;png;wav;mfcribbon-ms</Extensions>
    </Filter>
  </ItemGroup>
  <ItemGroup>
    <ClCompile Include="Server.cpp">
      <Filter>Исходные файлы</Filter>
    </ClCompile>
    <ClCompile Include="src\aes.c">
      <Filter>Исходные файлы</Filter>
    </ClCompile>
    <ClCompile Include="src\aes256.cpp">
      <Filter>Исходные файлы</Filter>
    </ClCompile>
    <ClCompile Include="src\aes256ctr.c">
      <Filter>Исходные файлы</Filter>
    </ClCompile>
    <ClCompile Include="src\benes.c">
      <Filter>Исходные файлы</Filter>
    </ClCompile>
    <ClCompile Include="src\bm.c">
      <Filter>Исходные файлы</Filter>
    </ClCompile>
    <ClCompile Include="src\controlbits.c">
      <Filter>Исходные файлы</Filter>
    </ClCompile>
    <ClCompile Include="src\decrypt.c">
      <Filter>Исходные файлы</Filter>
    </ClCompile>
    <ClCompile Include="src\encrypt.c">
      <Filter>Исходные файлы</Filter>
    </ClCompile>
    <ClCompile Include="src\fips202.c">
      <Filter>Исходные файлы</Filter>
    </ClCompile>
    <ClCompile Include="src\gf.c">
      <Filter>Исходные файлы</Filter>
    </ClCompile>
    <ClCompile Include="src\nistseedexpander.c">
      <Filter>Исходные файлы</Filter>
    </ClCompile>
    <ClCompile Include="src\operations.c">
      <Filter>Исходные файлы</Filter>
    </ClCompile>
    <ClCompile Include="src\pk_gen.c">
      <Filter>Исходные файлы</Filter>
    </ClCompile>
    <ClCompile Include="src\randombytes.c">
      <Filter>Исходные файлы</Filter>
    </ClCompile>
    <ClCompile Include="src\root.c">
      <Filter>Исходные файлы</Filter>
    </ClCompile>
    <ClCompile Include="src\sha2.c">
      <Filter>Исходные файлы</Filter>
    </ClCompile>
    <ClCompile Include="src\sk_gen.c">
      <Filter>Исходные файлы</Filter>
    </ClCompile>
    <ClCompile Include="src\sp800-185.c">
      <Filter>Исходные файлы</Filter>
    </ClCompile>
    <ClCompile Include="src\synd.c">
      <Filter>Исходные файлы</Filter>
    </ClCompile>
    <ClCompile Include="src\testvectors_.c">
      <Filter>Исходные файлы</Filter>
    </ClCompile>
    <ClCompile Include="src\transpose.c">
      <Filter>Исходные файлы</Filter>
    </ClCompile>
    <ClCompile Include="src\util.c">
      <Filter>Исходные файлы</Filter>
    </ClCompile>
  </ItemGroup>
  <ItemGroup>
    <ClInclude Include="src\aes.h">
      <Filter>Исходные файлы</Filter>
    </ClInclude>
    <ClInclude Include="src\aes256.hpp">
      <Filter>Исходные файлы</Filter>
    </ClInclude>
    <ClInclude Include="src\aes256ctr.h">
      <Filter>Исходные файлы</Filter>
    </ClInclude>
    <ClInclude Include="src\api.h">
      <Filter>Исходные файлы</Filter>
    </ClInclude>
    <ClInclude Include="src\benes.h">
      <Filter>Исходные файлы</Filter>
    </ClInclude>
    <ClInclude Include="src\bm.h">
      <Filter>Исходные файлы</Filter>
    </ClInclude>
    <ClInclude Include="src\compat.h">
      <Filter>Исходные файлы</Filter>
    </ClInclude>
    <ClInclude Include="src\controlbits.h">
      <Filter>Исходные файлы</Filter>
    </ClInclude>
    <ClInclude Include="src\crypto_hash.h">
      <Filter>Исходные файлы</Filter>
    </ClInclude>
    <ClInclude Include="src\decrypt.h">
      <Filter>Исходные файлы</Filter>
    </ClInclude>
    <ClInclude Include="src\encrypt.h">
      <Filter>Исходные файлы</Filter>
    </ClInclude>
    <ClInclude Include="src\fips202.h">
      <Filter>Исходные файлы</Filter>
    </ClInclude>
    <ClInclude Include="src\gf.h">
      <Filter>Исходные файлы</Filter>
    </ClInclude>
    <ClInclude Include="src\nistseedexpander.h">
      <Filter>Исходные файлы</Filter>
    </ClInclude>
    <ClInclude Include="src\params.h">
      <Filter>Исходные файлы</Filter>
    </ClInclude>
    <ClInclude Include="src\pk_gen.h">
      <Filter>Исходные файлы</Filter>
    </ClInclude>
    <ClInclude Include="src\randombytes.h">
      <Filter>Исходные файлы</Filter>
    </ClInclude>
    <ClInclude Include="src\ReadMe.h">
      <Filter>Исходные файлы</Filter>
    </ClInclude>
    <ClInclude Include="src\root.h">
      <Filter>Исходные файлы</Filter>
    </ClInclude>
    <ClInclude Include="src\sha2.h">
      <Filter>Исходные файлы</Filter>
    </ClInclude>
    <ClInclude Include="src\sk_gen.h">
      <Filter>Исходные файлы</Filter>
    </ClInclude>
    <ClInclude Include="src\sp800-185.h">
      <Filter>Исходные файлы</Filter>
    </ClInclude>
    <ClInclude Include="src\synd.h">
      <Filter>Исходные файлы</Filter>
    </ClInclude>
    <ClInclude Include="src\transpose.h">
      <Filter>Исходные файлы</Filter>
    </ClInclude>
    <ClInclude Include="src\util.h">
      <Filter>Исходные файлы</Filter>
    </ClInclude>
  </ItemGroup>
</Project>